
Microsoft Visual Studio Solution File, Format Version 12.00
# Visual Studio Version 16
Project("{8BC9CEB8-8B4A-11D0-8D11-00A0C91BC942}") = "ALL_BUILD", "ALL_BUILD.vcxproj", "{C540EA2A-2781-30BA-AE5E-ACFF0B5D9CBD}"
	ProjectSection(ProjectDependencies) = postProject
		{65DB981C-465A-384F-A055-114356346645} = {65DB981C-465A-384F-A055-114356346645}
		{14505A7A-9B6F-3148-A634-88BCA4D8C328} = {14505A7A-9B6F-3148-A634-88BCA4D8C328}
		{D6E06537-ACB3-3DF4-B9EB-FAAD5CD18300} = {D6E06537-ACB3-3DF4-B9EB-FAAD5CD18300}
		{18599AC2-F718-3F96-8AE8-A4BE25BA81BF} = {18599AC2-F718-3F96-8AE8-A4BE25BA81BF}
	EndProjectSection
EndProject
Project("{8BC9CEB8-8B4A-11D0-8D11-00A0C91BC942}") = "INSTALL", "INSTALL.vcxproj", "{19FFDCC4-D98A-30A8-9EF2-16CCFE8C0D8D}"
	ProjectSection(ProjectDependencies) = postProject
		{C540EA2A-2781-30BA-AE5E-ACFF0B5D9CBD} = {C540EA2A-2781-30BA-AE5E-ACFF0B5D9CBD}
		{65DB981C-465A-384F-A055-114356346645} = {65DB981C-465A-384F-A055-114356346645}
	EndProjectSection
EndProject
Project("{8BC9CEB8-8B4A-11D0-8D11-00A0C91BC942}") = "UpdateAssimpLibsDebugSymbolsAndDLLs", "UpdateAssimpLibsDebugSymbolsAndDLLs.vcxproj", "{FF1E7078-E030-355B-8519-F667D6C5C5F3}"
	ProjectSection(ProjectDependencies) = postProject
		{65DB981C-465A-384F-A055-114356346645} = {65DB981C-465A-384F-A055-114356346645}
	EndProjectSection
EndProject
Project("{8BC9CEB8-8B4A-11D0-8D11-00A0C91BC942}") = "ZERO_CHECK", "ZERO_CHECK.vcxproj", "{65DB981C-465A-384F-A055-114356346645}"
	ProjectSection(ProjectDependencies) = postProject
	EndProjectSection
EndProject
Project("{8BC9CEB8-8B4A-11D0-8D11-00A0C91BC942}") = "assimp", "code\assimp.vcxproj", "{14505A7A-9B6F-3148-A634-88BCA4D8C328}"
	ProjectSection(ProjectDependencies) = postProject
		{65DB981C-465A-384F-A055-114356346645} = {65DB981C-465A-384F-A055-114356346645}
		{18599AC2-F718-3F96-8AE8-A4BE25BA81BF} = {18599AC2-F718-3F96-8AE8-A4BE25BA81BF}
	EndProjectSection
EndProject
Project("{8BC9CEB8-8B4A-11D0-8D11-00A0C91BC942}") = "uninstall", "uninstall.vcxproj", "{1C399FD3-6D79-346E-877B-61C1F3C80BD2}"
	ProjectSection(ProjectDependencies) = postProject
		{65DB981C-465A-384F-A055-114356346645} = {65DB981C-465A-384F-A055-114356346645}
	EndProjectSection
EndProject
Project("{8BC9CEB8-8B4A-11D0-8D11-00A0C91BC942}") = "unit", "test\unit.vcxproj", "{D6E06537-ACB3-3DF4-B9EB-FAAD5CD18300}"
	ProjectSection(ProjectDependencies) = postProject
		{65DB981C-465A-384F-A055-114356346645} = {65DB981C-465A-384F-A055-114356346645}
		{14505A7A-9B6F-3148-A634-88BCA4D8C328} = {14505A7A-9B6F-3148-A634-88BCA4D8C328}
		{18599AC2-F718-3F96-8AE8-A4BE25BA81BF} = {18599AC2-F718-3F96-8AE8-A4BE25BA81BF}
	EndProjectSection
EndProject
Project("{8BC9CEB8-8B4A-11D0-8D11-00A0C91BC942}") = "zlibstatic", "contrib\zlib\zlibstatic.vcxproj", "{18599AC2-F718-3F96-8AE8-A4BE25BA81BF}"
	ProjectSection(ProjectDependencies) = postProject
		{65DB981C-465A-384F-A055-114356346645} = {65DB981C-465A-384F-A055-114356346645}
	EndProjectSection
EndProject
Global
	GlobalSection(SolutionConfigurationPlatforms) = preSolution
		Debug|x64 = Debug|x64
		Release|x64 = Release|x64
		MinSizeRel|x64 = MinSizeRel|x64
		RelWithDebInfo|x64 = RelWithDebInfo|x64
	EndGlobalSection
	GlobalSection(ProjectConfigurationPlatforms) = postSolution
		{C540EA2A-2781-30BA-AE5E-ACFF0B5D9CBD}.Debug|x64.ActiveCfg = Debug|x64
		{C540EA2A-2781-30BA-AE5E-ACFF0B5D9CBD}.Debug|x64.Build.0 = Debug|x64
		{C540EA2A-2781-30BA-AE5E-ACFF0B5D9CBD}.Release|x64.ActiveCfg = Release|x64
		{C540EA2A-2781-30BA-AE5E-ACFF0B5D9CBD}.Release|x64.Build.0 = Release|x64
		{C540EA2A-2781-30BA-AE5E-ACFF0B5D9CBD}.MinSizeRel|x64.ActiveCfg = MinSizeRel|x64
		{C540EA2A-2781-30BA-AE5E-ACFF0B5D9CBD}.MinSizeRel|x64.Build.0 = MinSizeRel|x64
		{C540EA2A-2781-30BA-AE5E-ACFF0B5D9CBD}.RelWithDebInfo|x64.ActiveCfg = RelWithDebInfo|x64
		{C540EA2A-2781-30BA-AE5E-ACFF0B5D9CBD}.RelWithDebInfo|x64.Build.0 = RelWithDebInfo|x64
		{19FFDCC4-D98A-30A8-9EF2-16CCFE8C0D8D}.Debug|x64.ActiveCfg = Debug|x64
		{19FFDCC4-D98A-30A8-9EF2-16CCFE8C0D8D}.Release|x64.ActiveCfg = Release|x64
		{19FFDCC4-D98A-30A8-9EF2-16CCFE8C0D8D}.MinSizeRel|x64.ActiveCfg = MinSizeRel|x64
		{19FFDCC4-D98A-30A8-9EF2-16CCFE8C0D8D}.RelWithDebInfo|x64.ActiveCfg = RelWithDebInfo|x64
		{FF1E7078-E030-355B-8519-F667D6C5C5F3}.Debug|x64.ActiveCfg = Debug|x64
		{FF1E7078-E030-355B-8519-F667D6C5C5F3}.Release|x64.ActiveCfg = Release|x64
		{FF1E7078-E030-355B-8519-F667D6C5C5F3}.MinSizeRel|x64.ActiveCfg = MinSizeRel|x64
		{FF1E7078-E030-355B-8519-F667D6C5C5F3}.RelWithDebInfo|x64.ActiveCfg = RelWithDebInfo|x64
		{65DB981C-465A-384F-A055-114356346645}.Debug|x64.ActiveCfg = Debug|x64
		{65DB981C-465A-384F-A055-114356346645}.Debug|x64.Build.0 = Debug|x64
		{65DB981C-465A-384F-A055-114356346645}.Release|x64.ActiveCfg = Release|x64
		{65DB981C-465A-384F-A055-114356346645}.Release|x64.Build.0 = Release|x64
		{65DB981C-465A-384F-A055-114356346645}.MinSizeRel|x64.ActiveCfg = MinSizeRel|x64
		{65DB981C-465A-384F-A055-114356346645}.MinSizeRel|x64.Build.0 = MinSizeRel|x64
		{65DB981C-465A-384F-A055-114356346645}.RelWithDebInfo|x64.ActiveCfg = RelWithDebInfo|x64
		{65DB981C-465A-384F-A055-114356346645}.RelWithDebInfo|x64.Build.0 = RelWithDebInfo|x64
		{14505A7A-9B6F-3148-A634-88BCA4D8C328}.Debug|x64.ActiveCfg = Debug|x64
		{14505A7A-9B6F-3148-A634-88BCA4D8C328}.Debug|x64.Build.0 = Debug|x64
		{14505A7A-9B6F-3148-A634-88BCA4D8C328}.Release|x64.ActiveCfg = Release|x64
		{14505A7A-9B6F-3148-A634-88BCA4D8C328}.Release|x64.Build.0 = Release|x64
		{14505A7A-9B6F-3148-A634-88BCA4D8C328}.MinSizeRel|x64.ActiveCfg = MinSizeRel|x64
		{14505A7A-9B6F-3148-A634-88BCA4D8C328}.MinSizeRel|x64.Build.0 = MinSizeRel|x64
		{14505A7A-9B6F-3148-A634-88BCA4D8C328}.RelWithDebInfo|x64.ActiveCfg = RelWithDebInfo|x64
		{14505A7A-9B6F-3148-A634-88BCA4D8C328}.RelWithDebInfo|x64.Build.0 = RelWithDebInfo|x64
		{1C399FD3-6D79-346E-877B-61C1F3C80BD2}.Debug|x64.ActiveCfg = Debug|x64
		{1C399FD3-6D79-346E-877B-61C1F3C80BD2}.Release|x64.ActiveCfg = Release|x64
		{1C399FD3-6D79-346E-877B-61C1F3C80BD2}.MinSizeRel|x64.ActiveCfg = MinSizeRel|x64
		{1C399FD3-6D79-346E-877B-61C1F3C80BD2}.RelWithDebInfo|x64.ActiveCfg = RelWithDebInfo|x64
		{D6E06537-ACB3-3DF4-B9EB-FAAD5CD18300}.Debug|x64.ActiveCfg = Debug|x64
		{D6E06537-ACB3-3DF4-B9EB-FAAD5CD18300}.Debug|x64.Build.0 = Debug|x64
		{D6E06537-ACB3-3DF4-B9EB-FAAD5CD18300}.Release|x64.ActiveCfg = Release|x64
		{D6E06537-ACB3-3DF4-B9EB-FAAD5CD18300}.Release|x64.Build.0 = Release|x64
		{D6E06537-ACB3-3DF4-B9EB-FAAD5CD18300}.MinSizeRel|x64.ActiveCfg = MinSizeRel|x64
		{D6E06537-ACB3-3DF4-B9EB-FAAD5CD18300}.MinSizeRel|x64.Build.0 = MinSizeRel|x64
		{D6E06537-ACB3-3DF4-B9EB-FAAD5CD18300}.RelWithDebInfo|x64.ActiveCfg = RelWithDebInfo|x64
		{D6E06537-ACB3-3DF4-B9EB-FAAD5CD18300}.RelWithDebInfo|x64.Build.0 = RelWithDebInfo|x64
		{18599AC2-F718-3F96-8AE8-A4BE25BA81BF}.Debug|x64.ActiveCfg = Debug|x64
		{18599AC2-F718-3F96-8AE8-A4BE25BA81BF}.Debug|x64.Build.0 = Debug|x64
		{18599AC2-F718-3F96-8AE8-A4BE25BA81BF}.Release|x64.ActiveCfg = Release|x64
		{18599AC2-F718-3F96-8AE8-A4BE25BA81BF}.Release|x64.Build.0 = Release|x64
		{18599AC2-F718-3F96-8AE8-A4BE25BA81BF}.MinSizeRel|x64.ActiveCfg = MinSizeRel|x64
		{18599AC2-F718-3F96-8AE8-A4BE25BA81BF}.MinSizeRel|x64.Build.0 = MinSizeRel|x64
		{18599AC2-F718-3F96-8AE8-A4BE25BA81BF}.RelWithDebInfo|x64.ActiveCfg = RelWithDebInfo|x64
		{18599AC2-F718-3F96-8AE8-A4BE25BA81BF}.RelWithDebInfo|x64.Build.0 = RelWithDebInfo|x64
	EndGlobalSection
	GlobalSection(ExtensibilityGlobals) = postSolution
		SolutionGuid = {2CD75D93-DE30-384E-B6EA-82738DF63AF9}
	EndGlobalSection
	GlobalSection(ExtensibilityAddIns) = postSolution
	EndGlobalSection
EndGlobal
